
Microsoft Visual Studio Solution File, Format Version 12.00
# Visual Studio Version 17
VisualStudioVersion = 17.11.35222.181
MinimumVisualStudioVersion = 10.0.40219.1
Project("{FAE04EC0-301F-11D3-BF4B-00C04F79EFBC}") = "ConsoleApp1", "ConsoleApp1\ConsoleApp1.csproj", "{68473ADB-C09E-48A4-A887-64D232B24AC2}"
EndProject
Global
	GlobalSection(SolutionConfigurationPlatforms) = preSolution
		Debug|Any CPU = Debug|Any CPU
		Release|Any CPU = Release|Any CPU
	EndGlobalSection
	GlobalSection(ProjectConfigurationPlatforms) = postSolution
		{68473ADB-C09E-48A4-A887-64D232B24AC2}.Debug|Any CPU.ActiveCfg = Debug|Any CPU
		{68473ADB-C09E-48A4-A887-64D232B24AC2}.Debug|Any CPU.Build.0 = Debug|Any CPU
		{68473ADB-C09E-48A4-A887-64D232B24AC2}.Release|Any CPU.ActiveCfg = Release|Any CPU
		{68473ADB-C09E-48A4-A887-64D232B24AC2}.Release|Any CPU.Build.0 = Release|Any CPU
	EndGlobalSection
	GlobalSection(SolutionProperties) = preSolution
		HideSolutionNode = FALSE
	EndGlobalSection
	GlobalSection(ExtensibilityGlobals) = postSolution
		SolutionGuid = {7BF9C04C-D716-4652-B102-727610D5E71D}
	EndGlobalSection
EndGlobal
